<Solution>
  <Project Path="Identity&amp;Entity.api/Identity&amp;Entity.api.csproj" />
  <Project Path="Identity&amp;Entity.api_03/Identity&amp;Entity.api_03.csproj" />
  <Project Path="Identity&amp;Entity.api_04/Identity&amp;Entity.api_04.csproj" />
  <Project Path="Identity&amp;Entity.data_01/Identity&amp;Entity.data_01.csproj" />
  <Project Path="Identity&amp;Entity_api_02/Identity&amp;Entity_api_02.csproj" />
</Solution>
